{
  "name": "maxmind",
  "version": "1.0.0",
  "lockfileVersion": 3,
  "requires": true,
  "packages": {
    "": {
      "name": "maxmind",
      "version": "1.0.0",
      "license": "ISC",
      "dependencies": {
        "maxmind": "^4.3.8"
      }
    },
    "node_modules/maxmind": {
      "version": "4.3.8",
      "resolved": "https://registry.npmjs.org/maxmind/-/maxmind-4.3.8.tgz",
      "integrity": "sha512-HrfxEu5yPBPtTy/OT+W5bPQwEfLUX0EHqe2EbJiB47xQMumHqXvSP7PAwzV8Z++NRCmQwy4moQrTSt0+dH+Jmg==",
      "dependencies": {
        "mmdb-lib": "2.0.2",
        "tiny-lru": "9.0.3"
      },
      "engines": {
        "node": ">=12",
        "npm": ">=6"
      }
    },
    "node_modules/mmdb-lib": {
      "version": "2.0.2",
      "resolved": "https://registry.npmjs.org/mmdb-lib/-/mmdb-lib-2.0.2.tgz",
      "integrity": "sha512-shi1I+fCPQonhTi7qyb6hr7hi87R7YS69FlfJiMFuJ12+grx0JyL56gLNzGTYXPU7EhAPkMLliGeyHer0K+AVA==",
      "engines": {
        "node": ">=10",
        "npm": ">=6"
      }
    },
    "node_modules/tiny-lru": {
      "version": "9.0.3",
      "resolved": "https://registry.npmjs.org/tiny-lru/-/tiny-lru-9.0.3.tgz",
      "integrity": "sha512-/i9GruRjXsnDgehxvy6iZ4AFNVxngEFbwzirhdulomMNPGPVV3ECMZOWSw0w4sRMZ9Al9m4jy08GPvRxRUGYlw==",
      "engines": {
        "node": ">=6"
      }
    }
  }
}
